
Microsoft Visual Studio Solution File, Format Version 12.00
# Visual Studio 2015
Project("{FAE04EC0-301F-11D3-BF4B-00C04F79EFBC}") = "JITLOBJDownloader", "JITLOBJDownloader.csproj", "{CF0B1B80-C256-451A-24E3-D6D773A20ACB}"
EndProject
Project("{FAE04EC0-301F-11D3-BF4B-00C04F79EFBC}") = "JITLOBJDownloader.Editor", "JITLOBJDownloader.Editor.csproj", "{00E54842-2587-A7B8-9618-309C2606A367}"
EndProject
Global
	GlobalSection(SolutionConfigurationPlatforms) = preSolution
		Debug|Any CPU = Debug|Any CPU
		Release|Any CPU = Release|Any CPU
	EndGlobalSection
	GlobalSection(ProjectConfigurationPlatforms) = postSolution
		{CF0B1B80-C256-451A-24E3-D6D773A20ACB}.Debug|Any CPU.ActiveCfg = Debug|Any CPU
		{CF0B1B80-C256-451A-24E3-D6D773A20ACB}.Debug|Any CPU.Build.0 = Debug|Any CPU
		{CF0B1B80-C256-451A-24E3-D6D773A20ACB}.Release|Any CPU.ActiveCfg = Release|Any CPU
		{CF0B1B80-C256-451A-24E3-D6D773A20ACB}.Release|Any CPU.Build.0 = Release|Any CPU
		{00E54842-2587-A7B8-9618-309C2606A367}.Debug|Any CPU.ActiveCfg = Debug|Any CPU
		{00E54842-2587-A7B8-9618-309C2606A367}.Debug|Any CPU.Build.0 = Debug|Any CPU
		{00E54842-2587-A7B8-9618-309C2606A367}.Release|Any CPU.ActiveCfg = Release|Any CPU
		{00E54842-2587-A7B8-9618-309C2606A367}.Release|Any CPU.Build.0 = Release|Any CPU
	EndGlobalSection
	GlobalSection(SolutionProperties) = preSolution
		HideSolutionNode = FALSE
	EndGlobalSection
EndGlobal
